
Microsoft Visual Studio Solution File, Format Version 12.00
# Visual Studio Version 17
VisualStudioVersion = 17.8.34525.116
MinimumVisualStudioVersion = 10.0.40219.1
Project("{FAE04EC0-301F-11D3-BF4B-00C04F79EFBC}") = "RubikApi", "RubikApi.csproj", "{A84D174B-AAA6-4174-8407-12A3A4C9CAE0}"
EndProject
Global
	GlobalSection(SolutionConfigurationPlatforms) = preSolution
		Debug|Any CPU = Debug|Any CPU
		Release|Any CPU = Release|Any CPU
	EndGlobalSection
	GlobalSection(ProjectConfigurationPlatforms) = postSolution
		{A84D174B-AAA6-4174-8407-12A3A4C9CAE0}.Debug|Any CPU.ActiveCfg = Debug|Any CPU
		{A84D174B-AAA6-4174-8407-12A3A4C9CAE0}.Debug|Any CPU.Build.0 = Debug|Any CPU
		{A84D174B-AAA6-4174-8407-12A3A4C9CAE0}.Release|Any CPU.ActiveCfg = Release|Any CPU
		{A84D174B-AAA6-4174-8407-12A3A4C9CAE0}.Release|Any CPU.Build.0 = Release|Any CPU
	EndGlobalSection
	GlobalSection(SolutionProperties) = preSolution
		HideSolutionNode = FALSE
	EndGlobalSection
	GlobalSection(ExtensibilityGlobals) = postSolution
		SolutionGuid = {669E8981-4335-485B-BF8A-EBFB3C07892B}
	EndGlobalSection
EndGlobal
